<?xml version="1.0" encoding="utf-8"?>
<Project ToolsVersion="4.0" xmlns="http://schemas.microsoft.com/developer/msbuild/2003">
  <ItemGroup>
    <ClCompile Include="Geometry.cpp" />
    <ClCompile Include="main.cpp" />
    <ClCompile Include="Point2D.cpp" />
    <ClCompile Include="Polygon.cpp" />
    <ClCompile Include="OLogNSlabTest.cpp" />
    <ClCompile Include="HalfPlaneIntersectionTest.cpp" />
    <ClCompile Include="O1PolarSubdivisionTest.cpp" />
    <ClCompile Include="OLogNPolarSubdivisionTest.cpp" />
    <ClCompile Include="O1SlabTest.cpp" />
  </ItemGroup>
  <ItemGroup>
    <ClInclude Include="Geometry.h" />
    <ClInclude Include="OLogNSlabTest.h" />
    <ClInclude Include="Point2D.h" />
    <ClInclude Include="PointInConvexPolygonTest.h" />
    <ClInclude Include="Polygon.h" />
    <ClInclude Include="HalfPlaneIntersectionTest.h" />
    <ClInclude Include="O1PolarSubdivisionTest.h" />
    <ClInclude Include="OLogNPolarSubdivisionTest.h" />
    <ClInclude Include="O1SlabTest.h" />
  </ItemGroup>
</Project>